PODS:
  - Flutter (1.0.0)
  - flutter_linkme_sdk (0.2.0):
    - Flutter
    - LinkMeKit (~> 0.2.0)
  - integration_test (0.0.1):
    - Flutter
  - LinkMeKit (0.2.1)

DEPENDENCIES:
  - Flutter (from `Flutter`)
  - flutter_linkme_sdk (from `.symlinks/plugins/flutter_linkme_sdk/ios`)
  - integration_test (from `.symlinks/plugins/integration_test/ios`)
  - LinkMeKit (from `../../../iOS/LinkMeKit`)

EXTERNAL SOURCES:
  Flutter:
    :path: Flutter
  flutter_linkme_sdk:
    :path: ".symlinks/plugins/flutter_linkme_sdk/ios"
  integration_test:
    :path: ".symlinks/plugins/integration_test/ios"
  LinkMeKit:
    :path: "../../../iOS/LinkMeKit"

SPEC CHECKSUMS:
  Flutter: cabc95a1d2626b1b06e7179b784ebcf0c0cde467
  flutter_linkme_sdk: de7feef95facd8234a329a36af3c434374346803
  integration_test: 252f60fa39af5e17c3aa9899d35d908a0721b573
  LinkMeKit: 4652a14502fd98307b2a09476512efe28923f179

PODFILE CHECKSUM: 503aaa4bff44f2ca9f61e0ff9941ab7d144ab2c6

COCOAPODS: 1.16.2
